
Microsoft Visual Studio Solution File, Format Version 12.00
# Visual Studio Version 16
VisualStudioVersion = 16.0.30225.117
MinimumVisualStudioVersion = 10.0.40219.1
Project("{FAE04EC0-301F-11D3-BF4B-00C04F79EFBC}") = "WindowsFormsApp34", "WindowsFormsApp34\WindowsFormsApp34.csproj", "{6A5D144C-86D9-41B2-9706-55B139A0D771}"
EndProject
Global
	GlobalSection(SolutionConfigurationPlatforms) = preSolution
		Debug|Any CPU = Debug|Any CPU
		Release|Any CPU = Release|Any CPU
	EndGlobalSection
	GlobalSection(ProjectConfigurationPlatforms) = postSolution
		{6A5D144C-86D9-41B2-9706-55B139A0D771}.Debug|Any CPU.ActiveCfg = Debug|Any CPU
		{6A5D144C-86D9-41B2-9706-55B139A0D771}.Debug|Any CPU.Build.0 = Debug|Any CPU
		{6A5D144C-86D9-41B2-9706-55B139A0D771}.Release|Any CPU.ActiveCfg = Release|Any CPU
		{6A5D144C-86D9-41B2-9706-55B139A0D771}.Release|Any CPU.Build.0 = Release|Any CPU
	EndGlobalSection
	GlobalSection(SolutionProperties) = preSolution
		HideSolutionNode = FALSE
	EndGlobalSection
	GlobalSection(ExtensibilityGlobals) = postSolution
		SolutionGuid = {BD400E03-C930-445E-8C9E-E6818CF5C86B}
	EndGlobalSection
EndGlobal
